
Microsoft Visual Studio Solution File, Format Version 12.00
# Visual Studio Version 17
VisualStudioVersion = 17.7.34024.191
MinimumVisualStudioVersion = 10.0.40219.1
Project("{FAE04EC0-301F-11D3-BF4B-00C04F79EFBC}") = "BlackJack", "BlackJack\BlackJack.csproj", "{D335D5CE-A92E-4783-9994-2B1B68201746}"
EndProject
Global
	GlobalSection(SolutionConfigurationPlatforms) = preSolution
		Debug|Any CPU = Debug|Any CPU
		Release|Any CPU = Release|Any CPU
	EndGlobalSection
	GlobalSection(ProjectConfigurationPlatforms) = postSolution
		{D335D5CE-A92E-4783-9994-2B1B68201746}.Debug|Any CPU.ActiveCfg = Debug|Any CPU
		{D335D5CE-A92E-4783-9994-2B1B68201746}.Debug|Any CPU.Build.0 = Debug|Any CPU
		{D335D5CE-A92E-4783-9994-2B1B68201746}.Release|Any CPU.ActiveCfg = Release|Any CPU
		{D335D5CE-A92E-4783-9994-2B1B68201746}.Release|Any CPU.Build.0 = Release|Any CPU
	EndGlobalSection
	GlobalSection(SolutionProperties) = preSolution
		HideSolutionNode = FALSE
	EndGlobalSection
	GlobalSection(ExtensibilityGlobals) = postSolution
		SolutionGuid = {251BD5FA-0353-4456-93C0-F2EC3C3534D9}
	EndGlobalSection
EndGlobal
